// !$*UTF8*$!
{
	archiveVersion = 1;
	classes = {
	};
	objectVersion = 46;
	objects = {

/* Begin PBXBuildFile section */
		ABD928E317DFFE9000AE5F64 /* Foundation.framework in Frameworks */ = {isa = PBXBuildFile; fileRef = ABD928E217DFFE9000AE5F64 /* Foundation.framework */; };
		ABD928E517DFFE9000AE5F64 /* CoreGraphics.framework in Frameworks */ = {isa = PBXBuildFile; fileRef = ABD928E417DFFE9000AE5F64 /* CoreGraphics.framework */; };
		ABD928E717DFFE9000AE5F64 /* UIKit.framework in Frameworks */ = {isa = PBXBuildFile; fileRef = ABD928E617DFFE9000AE5F64 /* UIKit.framework */; };
		ABD928E917DFFE9000AE5F64 /* SpriteKit.framework in Frameworks */ = {isa = PBXBuildFile; fileRef = ABD928E817DFFE9000AE5F64 /* SpriteKit.framework */; };
		ABD928EF17DFFE9000AE5F64 /* InfoPlist.strings in Resources */ = {isa = PBXBuildFile; fileRef = ABD928ED17DFFE9000AE5F64 /* InfoPlist.strings */; };
		ABD928F117DFFE9000AE5F64 /* main.m in Sources */ = {isa = PBXBuildFile; fileRef = ABD928F017DFFE9000AE5F64 /* main.m */; };
		ABD928F517DFFE9100AE5F64 /* FLAAppDelegate.m in Sources */ = {isa = PBXBuildFile; fileRef = ABD928F417DFFE9100AE5F64 /* FLAAppDelegate.m */; };
		ABD928F817DFFE9100AE5F64 /* Main_iPhone.storyboard in Resources */ = {isa = PBXBuildFile; fileRef = ABD928F617DFFE9100AE5F64 /* Main_iPhone.storyboard */; };
		ABD928FB17DFFE9100AE5F64 /* Main_iPad.storyboard in Resources */ = {isa = PBXBuildFile; fileRef = ABD928F917DFFE9100AE5F64 /* Main_iPad.storyboard */; };
		ABD928FE17DFFE9100AE5F64 /* FLAViewController.m in Sources */ = {isa = PBXBuildFile; fileRef = ABD928FD17DFFE9100AE5F64 /* FLAViewController.m */; };
		ABD9290117DFFE9100AE5F64 /* FLAPlayScene.m in Sources */ = {isa = PBXBuildFile; fileRef = ABD9290017DFFE9100AE5F64 /* FLAPlayScene.m */; };
		ABD9290317DFFE9100AE5F64 /* Spaceship.png in Resources */ = {isa = PBXBuildFile; fileRef = ABD9290217DFFE9100AE5F64 /* Spaceship.png */; };
		ABD9290517DFFE9100AE5F64 /* Images.xcassets in Resources */ = {isa = PBXBuildFile; fileRef = ABD9290417DFFE9100AE5F64 /* Images.xcassets */; };
		ABD9290C17DFFE9100AE5F64 /* XCTest.framework in Frameworks */ = {isa = PBXBuildFile; fileRef = ABD9290B17DFFE9100AE5F64 /* XCTest.framework */; };
		ABD9290D17DFFE9100AE5F64 /* Foundation.framework in Frameworks */ = {isa = PBXBuildFile; fileRef = ABD928E217DFFE9000AE5F64 /* Foundation.framework */; };
		ABD9290E17DFFE9100AE5F64 /* UIKit.framework in Frameworks */ = {isa = PBXBuildFile; fileRef = ABD928E617DFFE9000AE5F64 /* UIKit.framework */; };
		ABD9291617DFFE9100AE5F64 /* InfoPlist.strings in Resources */ = {isa = PBXBuildFile; fileRef = ABD9291417DFFE9100AE5F64 /* InfoPlist.strings */; };
		ABD9291817DFFE9100AE5F64 /* Flushed_AwayTests.m in Sources */ = {isa = PBXBuildFile; fileRef = ABD9291717DFFE9100AE5F64 /* Flushed_AwayTests.m */; };
		ABFD135A17DFFF7600E657DB /* FLAWorldNode.m in Sources */ = {isa = PBXBuildFile; fileRef = ABFD135917DFFF7600E657DB /* FLAWorldNode.m */; };
		ABFD135D17DFFF9200E657DB /* FLABoatNode.m in Sources */ = {isa = PBXBuildFile; fileRef = ABFD135C17DFFF9200E657DB /* FLABoatNode.m */; };
		ABFD136017DFFFA000E657DB /* FLADrainNode.m in Sources */ = {isa = PBXBuildFile; fileRef = ABFD135F17DFFFA000E657DB /* FLADrainNode.m */; };
		ABFD136317E0004F00E657DB /* FLAToyNode.m in Sources */ = {isa = PBXBuildFile; fileRef = ABFD136217E0004F00E657DB /* FLAToyNode.m */; };
		D9ECCFD017E0037800BB3E95 /* toy-bear@2x.png in Resources */ = {isa = PBXBuildFile; fileRef = D9ECCFC817E0037800BB3E95 /* toy-bear@2x.png */; };
		D9ECCFD117E0037800BB3E95 /* toy-bike@2x.png in Resources */ = {isa = PBXBuildFile; fileRef = D9ECCFC917E0037800BB3E95 /* toy-bike@2x.png */; };
		D9ECCFD217E0037800BB3E95 /* toy-car@2x.png in Resources */ = {isa = PBXBuildFile; fileRef = D9ECCFCA17E0037800BB3E95 /* toy-car@2x.png */; };
		D9ECCFD317E0037800BB3E95 /* toy-duck@2x.png in Resources */ = {isa = PBXBuildFile; fileRef = D9ECCFCB17E0037800BB3E95 /* toy-duck@2x.png */; };
		D9ECCFD417E0037800BB3E95 /* toy-horse@2x.png in Resources */ = {isa = PBXBuildFile; fileRef = D9ECCFCC17E0037800BB3E95 /* toy-horse@2x.png */; };
		D9ECCFD517E0037800BB3E95 /* toy-plane@2x.png in Resources */ = {isa = PBXBuildFile; fileRef = D9ECCFCD17E0037800BB3E95 /* toy-plane@2x.png */; };
		D9ECCFD617E0037800BB3E95 /* toy-scooter@2x.png in Resources */ = {isa = PBXBuildFile; fileRef = D9ECCFCE17E0037800BB3E95 /* toy-scooter@2x.png */; };
		D9ECCFD717E0037800BB3E95 /* toy-soldier@2x.png in Resources */ = {isa = PBXBuildFile; fileRef = D9ECCFCF17E0037800BB3E95 /* toy-soldier@2x.png */; };
/* End PBXBuildFile section */

/* Begin PBXContainerItemProxy section */
		ABD9290F17DFFE9100AE5F64 /* PBXContainerItemProxy */ = {
			isa = PBXContainerItemProxy;
			containerPortal = ABD928D717DFFE9000AE5F64 /* Project object */;
			proxyType = 1;
			remoteGlobalIDString = ABD928DE17DFFE9000AE5F64;
			remoteInfo = "Flushed Away";
		};
/* End PBXContainerItemProxy section */

/* Begin PBXFileReference section */
		ABA23A1E17E00958000F094F /* FLAMathSchtuff.h */ = {isa = PBXFileReference; lastKnownFileType = sourcecode.c.h; path = FLAMathSchtuff.h; sourceTree = "<group>"; };
		ABD928DF17DFFE9000AE5F64 /* Flushed Away.app */ = {isa = PBXFileReference; explicitFileType = wrapper.application; includeInIndex = 0; path = "Flushed Away.app"; sourceTree = BUILT_PRODUCTS_DIR; };
		ABD928E217DFFE9000AE5F64 /* Foundation.framework */ = {isa = PBXFileReference; lastKnownFileType = wrapper.framework; name = Foundation.framework; path = System/Library/Frameworks/Foundation.framework; sourceTree = SDKROOT; };
		ABD928E417DFFE9000AE5F64 /* CoreGraphics.framework */ = {isa = PBXFileReference; lastKnownFileType = wrapper.framework; name = CoreGraphics.framework; path = System/Library/Frameworks/CoreGraphics.framework; sourceTree = SDKROOT; };
		ABD928E617DFFE9000AE5F64 /* UIKit.framework */ = {isa = PBXFileReference; lastKnownFileType = wrapper.framework; name = UIKit.framework; path = System/Library/Frameworks/UIKit.framework; sourceTree = SDKROOT; };
		ABD928E817DFFE9000AE5F64 /* SpriteKit.framework */ = {isa = PBXFileReference; lastKnownFileType = wrapper.framework; name = SpriteKit.framework; path = System/Library/Frameworks/SpriteKit.framework; sourceTree = SDKROOT; };
		ABD928EC17DFFE9000AE5F64 /* Flushed Away-Info.plist */ = {isa = PBXFileReference; lastKnownFileType = text.plist.xml; path = "Flushed Away-Info.plist"; sourceTree = "<group>"; };
		ABD928EE17DFFE9000AE5F64 /* en */ = {isa = PBXFileReference; lastKnownFileType = text.plist.strings; name = en; path = en.lproj/InfoPlist.strings; sourceTree = "<group>"; };
		ABD928F017DFFE9000AE5F64 /* main.m */ = {isa = PBXFileReference; lastKnownFileType = sourcecode.c.objc; path = main.m; sourceTree = "<group>"; };
		ABD928F217DFFE9000AE5F64 /* Flushed Away-Prefix.pch */ = {isa = PBXFileReference; lastKnownFileType = sourcecode.c.h; path = "Flushed Away-Prefix.pch"; sourceTree = "<group>"; };
		ABD928F317DFFE9100AE5F64 /* FLAAppDelegate.h */ = {isa = PBXFileReference; lastKnownFileType = sourcecode.c.h; path = FLAAppDelegate.h; sourceTree = "<group>"; };
		ABD928F417DFFE9100AE5F64 /* FLAAppDelegate.m */ = {isa = PBXFileReference; lastKnownFileType = sourcecode.c.objc; path = FLAAppDelegate.m; sourceTree = "<group>"; };
		ABD928F717DFFE9100AE5F64 /* Base */ = {isa = PBXFileReference; lastKnownFileType = file.storyboard; name = Base; path = Base.lproj/Main_iPhone.storyboard; sourceTree = "<group>"; };
		ABD928FA17DFFE9100AE5F64 /* Base */ = {isa = PBXFileReference; lastKnownFileType = file.storyboard; name = Base; path = Base.lproj/Main_iPad.storyboard; sourceTree = "<group>"; };
		ABD928FC17DFFE9100AE5F64 /* FLAViewController.h */ = {isa = PBXFileReference; lastKnownFileType = sourcecode.c.h; path = FLAViewController.h; sourceTree = "<group>"; };
		ABD928FD17DFFE9100AE5F64 /* FLAViewController.m */ = {isa = PBXFileReference; lastKnownFileType = sourcecode.c.objc; path = FLAViewController.m; sourceTree = "<group>"; };
		ABD928FF17DFFE9100AE5F64 /* FLAPlayScene.h */ = {isa = PBXFileReference; lastKnownFileType = sourcecode.c.h; path = FLAPlayScene.h; sourceTree = "<group>"; };
		ABD9290017DFFE9100AE5F64 /* FLAPlayScene.m */ = {isa = PBXFileReference; lastKnownFileType = sourcecode.c.objc; path = FLAPlayScene.m; sourceTree = "<group>"; };
		ABD9290217DFFE9100AE5F64 /* Spaceship.png */ = {isa = PBXFileReference; lastKnownFileType = image.png; path = Spaceship.png; sourceTree = "<group>"; };
		ABD9290417DFFE9100AE5F64 /* Images.xcassets */ = {isa = PBXFileReference; lastKnownFileType = folder.assetcatalog; path = Images.xcassets; sourceTree = "<group>"; };
		ABD9290A17DFFE9100AE5F64 /* Flushed AwayTests.xctest */ = {isa = PBXFileReference; explicitFileType = wrapper.cfbundle; includeInIndex = 0; path = "Flushed AwayTests.xctest"; sourceTree = BUILT_PRODUCTS_DIR; };
		ABD9290B17DFFE9100AE5F64 /* XCTest.framework */ = {isa = PBXFileReference; lastKnownFileType = wrapper.framework; name = XCTest.framework; path = Library/Frameworks/XCTest.framework; sourceTree = DEVELOPER_DIR; };
		ABD9291317DFFE9100AE5F64 /* Flushed AwayTests-Info.plist */ = {isa = PBXFileReference; lastKnownFileType = text.plist.xml; path = "Flushed AwayTests-Info.plist"; sourceTree = "<group>"; };
		ABD9291517DFFE9100AE5F64 /* en */ = {isa = PBXFileReference; lastKnownFileType = text.plist.strings; name = en; path = en.lproj/InfoPlist.strings; sourceTree = "<group>"; };
		ABD9291717DFFE9100AE5F64 /* Flushed_AwayTests.m */ = {isa = PBXFileReference; lastKnownFileType = sourcecode.c.objc; path = Flushed_AwayTests.m; sourceTree = "<group>"; };
		ABFD135817DFFF7600E657DB /* FLAWorldNode.h */ = {isa = PBXFileReference; fileEncoding = 4; lastKnownFileType = sourcecode.c.h; path = FLAWorldNode.h; sourceTree = "<group>"; };
		ABFD135917DFFF7600E657DB /* FLAWorldNode.m */ = {isa = PBXFileReference; fileEncoding = 4; lastKnownFileType = sourcecode.c.objc; path = FLAWorldNode.m; sourceTree = "<group>"; };
		ABFD135B17DFFF9200E657DB /* FLABoatNode.h */ = {isa = PBXFileReference; fileEncoding = 4; lastKnownFileType = sourcecode.c.h; path = FLABoatNode.h; sourceTree = "<group>"; };
		ABFD135C17DFFF9200E657DB /* FLABoatNode.m */ = {isa = PBXFileReference; fileEncoding = 4; lastKnownFileType = sourcecode.c.objc; path = FLABoatNode.m; sourceTree = "<group>"; };
		ABFD135E17DFFFA000E657DB /* FLADrainNode.h */ = {isa = PBXFileReference; fileEncoding = 4; lastKnownFileType = sourcecode.c.h; name = FLADrainNode.h; path = ../FLADrainNode.h; sourceTree = "<group>"; };
		ABFD135F17DFFFA000E657DB /* FLADrainNode.m */ = {isa = PBXFileReference; fileEncoding = 4; lastKnownFileType = sourcecode.c.objc; name = FLADrainNode.m; path = ../FLADrainNode.m; sourceTree = "<group>"; };
		ABFD136117E0004F00E657DB /* FLAToyNode.h */ = {isa = PBXFileReference; fileEncoding = 4; lastKnownFileType = sourcecode.c.h; path = FLAToyNode.h; sourceTree = "<group>"; };
		ABFD136217E0004F00E657DB /* FLAToyNode.m */ = {isa = PBXFileReference; fileEncoding = 4; lastKnownFileType = sourcecode.c.objc; path = FLAToyNode.m; sourceTree = "<group>"; };
		D9ECCFC817E0037800BB3E95 /* toy-bear@2x.png */ = {isa = PBXFileReference; lastKnownFileType = image.png; name = "toy-bear@2x.png"; path = "Resources/toy-bear@2x.png"; sourceTree = "<group>"; };
		D9ECCFC917E0037800BB3E95 /* toy-bike@2x.png */ = {isa = PBXFileReference; lastKnownFileType = image.png; name = "toy-bike@2x.png"; path = "Resources/toy-bike@2x.png"; sourceTree = "<group>"; };
		D9ECCFCA17E0037800BB3E95 /* toy-car@2x.png */ = {isa = PBXFileReference; lastKnownFileType = image.png; name = "toy-car@2x.png"; path = "Resources/toy-car@2x.png"; sourceTree = "<group>"; };
		D9ECCFCB17E0037800BB3E95 /* toy-duck@2x.png */ = {isa = PBXFileReference; lastKnownFileType = image.png; name = "toy-duck@2x.png"; path = "Resources/toy-duck@2x.png"; sourceTree = "<group>"; };
		D9ECCFCC17E0037800BB3E95 /* toy-horse@2x.png */ = {isa = PBXFileReference; lastKnownFileType = image.png; name = "toy-horse@2x.png"; path = "Resources/toy-horse@2x.png"; sourceTree = "<group>"; };
		D9ECCFCD17E0037800BB3E95 /* toy-plane@2x.png */ = {isa = PBXFileReference; lastKnownFileType = image.png; name = "toy-plane@2x.png"; path = "Resources/toy-plane@2x.png"; sourceTree = "<group>"; };
		D9ECCFCE17E0037800BB3E95 /* toy-scooter@2x.png */ = {isa = PBXFileReference; lastKnownFileType = image.png; name = "toy-scooter@2x.png"; path = "Resources/toy-scooter@2x.png"; sourceTree = "<group>"; };
		D9ECCFCF17E0037800BB3E95 /* toy-soldier@2x.png */ = {isa = PBXFileReference; lastKnownFileType = image.png; name = "toy-soldier@2x.png"; path = "Resources/toy-soldier@2x.png"; sourceTree = "<group>"; };
/* End PBXFileReference section */

/* Begin PBXFrameworksBuildPhase section */
		ABD928DC17DFFE9000AE5F64 /* Frameworks */ = {
			isa = PBXFrameworksBuildPhase;
			buildActionMask = 2147483647;
			files = (
				ABD928E517DFFE9000AE5F64 /* CoreGraphics.framework in Frameworks */,
				ABD928E717DFFE9000AE5F64 /* UIKit.framework in Frameworks */,
				ABD928E917DFFE9000AE5F64 /* SpriteKit.framework in Frameworks */,
				ABD928E317DFFE9000AE5F64 /* Foundation.framework in Frameworks */,
			);
			runOnlyForDeploymentPostprocessing = 0;
		};
		ABD9290717DFFE9100AE5F64 /* Frameworks */ = {
			isa = PBXFrameworksBuildPhase;
			buildActionMask = 2147483647;
			files = (
				ABD9290C17DFFE9100AE5F64 /* XCTest.framework in Frameworks */,
				ABD9290E17DFFE9100AE5F64 /* UIKit.framework in Frameworks */,
				ABD9290D17DFFE9100AE5F64 /* Foundation.framework in Frameworks */,
			);
			runOnlyForDeploymentPostprocessing = 0;
		};
/* End PBXFrameworksBuildPhase section */

/* Begin PBXGroup section */
		AB9E12D117DFFEF100291AD7 /* Nodes */ = {
			isa = PBXGroup;
			children = (
				ABFD135817DFFF7600E657DB /* FLAWorldNode.h */,
				ABFD135917DFFF7600E657DB /* FLAWorldNode.m */,
				ABFD135B17DFFF9200E657DB /* FLABoatNode.h */,
				ABFD135C17DFFF9200E657DB /* FLABoatNode.m */,
				ABFD135E17DFFFA000E657DB /* FLADrainNode.h */,
				ABFD135F17DFFFA000E657DB /* FLADrainNode.m */,
				ABFD136117E0004F00E657DB /* FLAToyNode.h */,
				ABFD136217E0004F00E657DB /* FLAToyNode.m */,
			);
			name = Nodes;
			sourceTree = "<group>";
		};
		AB9E12D217DFFEF900291AD7 /* Scenes */ = {
			isa = PBXGroup;
			children = (
				ABD928FF17DFFE9100AE5F64 /* FLAPlayScene.h */,
				ABD9290017DFFE9100AE5F64 /* FLAPlayScene.m */,
			);
			name = Scenes;
			sourceTree = "<group>";
		};
		ABD928D617DFFE9000AE5F64 = {
			isa = PBXGroup;
			children = (
				ABD928EA17DFFE9000AE5F64 /* Flushed Away */,
				ABD9291117DFFE9100AE5F64 /* Flushed AwayTests */,
				ABD928E117DFFE9000AE5F64 /* Frameworks */,
				ABD928E017DFFE9000AE5F64 /* Products */,
			);
			sourceTree = "<group>";
		};
		ABD928E017DFFE9000AE5F64 /* Products */ = {
			isa = PBXGroup;
			children = (
				ABD928DF17DFFE9000AE5F64 /* Flushed Away.app */,
				ABD9290A17DFFE9100AE5F64 /* Flushed AwayTests.xctest */,
			);
			name = Products;
			sourceTree = "<group>";
		};
		ABD928E117DFFE9000AE5F64 /* Frameworks */ = {
			isa = PBXGroup;
			children = (
				ABD928E217DFFE9000AE5F64 /* Foundation.framework */,
				ABD928E417DFFE9000AE5F64 /* CoreGraphics.framework */,
				ABD928E617DFFE9000AE5F64 /* UIKit.framework */,
				ABD928E817DFFE9000AE5F64 /* SpriteKit.framework */,
				ABD9290B17DFFE9100AE5F64 /* XCTest.framework */,
			);
			name = Frameworks;
			sourceTree = "<group>";
		};
		ABD928EA17DFFE9000AE5F64 /* Flushed Away */ = {
			isa = PBXGroup;
			children = (
				AB9E12D217DFFEF900291AD7 /* Scenes */,
				AB9E12D117DFFEF100291AD7 /* Nodes */,
				ABD928F317DFFE9100AE5F64 /* FLAAppDelegate.h */,
				ABD928F417DFFE9100AE5F64 /* FLAAppDelegate.m */,
				ABA23A1E17E00958000F094F /* FLAMathSchtuff.h */,
				ABD928F617DFFE9100AE5F64 /* Main_iPhone.storyboard */,
				ABD928F917DFFE9100AE5F64 /* Main_iPad.storyboard */,
				ABD928FC17DFFE9100AE5F64 /* FLAViewController.h */,
				ABD928FD17DFFE9100AE5F64 /* FLAViewController.m */,
				ABD9290217DFFE9100AE5F64 /* Spaceship.png */,
				ABD9290417DFFE9100AE5F64 /* Images.xcassets */,
				ABD928EB17DFFE9000AE5F64 /* Supporting Files */,
			);
			path = "Flushed Away";
			sourceTree = "<group>";
		};
		ABD928EB17DFFE9000AE5F64 /* Supporting Files */ = {
			isa = PBXGroup;
			children = (
				D9ECCFC717E0030900BB3E95 /* Images */,
				ABD928EC17DFFE9000AE5F64 /* Flushed Away-Info.plist */,
				ABD928ED17DFFE9000AE5F64 /* InfoPlist.strings */,
				ABD928F017DFFE9000AE5F64 /* main.m */,
				ABD928F217DFFE9000AE5F64 /* Flushed Away-Prefix.pch */,
			);
			name = "Supporting Files";
			sourceTree = "<group>";
		};
		ABD9291117DFFE9100AE5F64 /* Flushed AwayTests */ = {
			isa = PBXGroup;
			children = (
				ABD9291717DFFE9100AE5F64 /* Flushed_AwayTests.m */,
				ABD9291217DFFE9100AE5F64 /* Supporting Files */,
			);
			path = "Flushed AwayTests";
			sourceTree = "<group>";
		};
		ABD9291217DFFE9100AE5F64 /* Supporting Files */ = {
			isa = PBXGroup;
			children = (
				ABD9291317DFFE9100AE5F64 /* Flushed AwayTests-Info.plist */,
				ABD9291417DFFE9100AE5F64 /* InfoPlist.strings */,
			);
			name = "Supporting Files";
			sourceTree = "<group>";
		};
		D9ECCFC717E0030900BB3E95 /* Images */ = {
			isa = PBXGroup;
			children = (
				D9ECCFC817E0037800BB3E95 /* toy-bear@2x.png */,
				D9ECCFC917E0037800BB3E95 /* toy-bike@2x.png */,
				D9ECCFCA17E0037800BB3E95 /* toy-car@2x.png */,
				D9ECCFCB17E0037800BB3E95 /* toy-duck@2x.png */,
				D9ECCFCC17E0037800BB3E95 /* toy-horse@2x.png */,
				D9ECCFCD17E0037800BB3E95 /* toy-plane@2x.png */,
				D9ECCFCE17E0037800BB3E95 /* toy-scooter@2x.png */,
				D9ECCFCF17E0037800BB3E95 /* toy-soldier@2x.png */,
			);
			name = Images;
			sourceTree = "<group>";
		};
/* End PBXGroup section */

/* Begin PBXNativeTarget section */
		ABD928DE17DFFE9000AE5F64 /* Flushed Away */ = {
			isa = PBXNativeTarget;
			buildConfigurationList = ABD9291B17DFFE9100AE5F64 /* Build configuration list for PBXNativeTarget "Flushed Away" */;
			buildPhases = (
				ABD928DB17DFFE9000AE5F64 /* Sources */,
				ABD928DC17DFFE9000AE5F64 /* Frameworks */,
				ABD928DD17DFFE9000AE5F64 /* Resources */,
			);
			buildRules = (
			);
			dependencies = (
			);
			name = "Flushed Away";
			productName = "Flushed Away";
			productReference = ABD928DF17DFFE9000AE5F64 /* Flushed Away.app */;
			productType = "com.apple.product-type.application";
		};
		ABD9290917DFFE9100AE5F64 /* Flushed AwayTests */ = {
			isa = PBXNativeTarget;
			buildConfigurationList = ABD9291E17DFFE9100AE5F64 /* Build configuration list for PBXNativeTarget "Flushed AwayTests" */;
			buildPhases = (
				ABD9290617DFFE9100AE5F64 /* Sources */,
				ABD9290717DFFE9100AE5F64 /* Frameworks */,
				ABD9290817DFFE9100AE5F64 /* Resources */,
			);
			buildRules = (
			);
			dependencies = (
				ABD9291017DFFE9100AE5F64 /* PBXTargetDependency */,
			);
			name = "Flushed AwayTests";
			productName = "Flushed AwayTests";
			productReference = ABD9290A17DFFE9100AE5F64 /* Flushed AwayTests.xctest */;
			productType = "com.apple.product-type.bundle.unit-test";
		};
/* End PBXNativeTarget section */

/* Begin PBXProject section */
		ABD928D717DFFE9000AE5F64 /* Project object */ = {
			isa = PBXProject;
			attributes = {
				CLASSPREFIX = FLA;
				LastUpgradeCheck = 0500;
				ORGANIZATIONNAME = "Piglettens, Ltd";
				TargetAttributes = {
					ABD9290917DFFE9100AE5F64 = {
						TestTargetID = ABD928DE17DFFE9000AE5F64;
					};
				};
			};
			buildConfigurationList = ABD928DA17DFFE9000AE5F64 /* Build configuration list for PBXProject "Flushed Away" */;
			compatibilityVersion = "Xcode 3.2";
			developmentRegion = English;
			hasScannedForEncodings = 0;
			knownRegions = (
				en,
				Base,
			);
			mainGroup = ABD928D617DFFE9000AE5F64;
			productRefGroup = ABD928E017DFFE9000AE5F64 /* Products */;
			projectDirPath = "";
			projectRoot = "";
			targets = (
				ABD928DE17DFFE9000AE5F64 /* Flushed Away */,
				ABD9290917DFFE9100AE5F64 /* Flushed AwayTests */,
			);
		};
/* End PBXProject section */

/* Begin PBXResourcesBuildPhase section */
		ABD928DD17DFFE9000AE5F64 /* Resources */ = {
			isa = PBXResourcesBuildPhase;
			buildActionMask = 2147483647;
			files = (
				ABD9290317DFFE9100AE5F64 /* Spaceship.png in Resources */,
				D9ECCFD417E0037800BB3E95 /* toy-horse@2x.png in Resources */,
				ABD9290517DFFE9100AE5F64 /* Images.xcassets in Resources */,
				D9ECCFD217E0037800BB3E95 /* toy-car@2x.png in Resources */,
				D9ECCFD117E0037800BB3E95 /* toy-bike@2x.png in Resources */,
				D9ECCFD517E0037800BB3E95 /* toy-plane@2x.png in Resources */,
				ABD928FB17DFFE9100AE5F64 /* Main_iPad.storyboard in Resources */,
				ABD928F817DFFE9100AE5F64 /* Main_iPhone.storyboard in Resources */,
				ABD928EF17DFFE9000AE5F64 /* InfoPlist.strings in Resources */,
				D9ECCFD717E0037800BB3E95 /* toy-soldier@2x.png in Resources */,
				D9ECCFD317E0037800BB3E95 /* toy-duck@2x.png in Resources */,
				D9ECCFD017E0037800BB3E95 /* toy-bear@2x.png in Resources */,
				D9ECCFD617E0037800BB3E95 /* toy-scooter@2x.png in Resources */,
			);
			runOnlyForDeploymentPostprocessing = 0;
		};
		ABD9290817DFFE9100AE5F64 /* Resources */ = {
			isa = PBXResourcesBuildPhase;
			buildActionMask = 2147483647;
			files = (
				ABD9291617DFFE9100AE5F64 /* InfoPlist.strings in Resources */,
			);
			runOnlyForDeploymentPostprocessing = 0;
		};
/* End PBXResourcesBuildPhase section */

/* Begin PBXSourcesBuildPhase section */
		ABD928DB17DFFE9000AE5F64 /* Sources */ = {
			isa = PBXSourcesBuildPhase;
			buildActionMask = 2147483647;
			files = (
				ABD928F517DFFE9100AE5F64 /* FLAAppDelegate.m in Sources */,
				ABFD136017DFFFA000E657DB /* FLADrainNode.m in Sources */,
				ABFD135A17DFFF7600E657DB /* FLAWorldNode.m in Sources */,
				ABD928F117DFFE9000AE5F64 /* main.m in Sources */,
				ABFD136317E0004F00E657DB /* FLAToyNode.m in Sources */,
				ABD9290117DFFE9100AE5F64 /* FLAPlayScene.m in Sources */,
				ABD928FE17DFFE9100AE5F64 /* FLAViewController.m in Sources */,
				ABFD135D17DFFF9200E657DB /* FLABoatNode.m in Sources */,
			);
			runOnlyForDeploymentPostprocessing = 0;
		};
		ABD9290617DFFE9100AE5F64 /* Sources */ = {
			isa = PBXSourcesBuildPhase;
			buildActionMask = 2147483647;
			files = (
				ABD9291817DFFE9100AE5F64 /* Flushed_AwayTests.m in Sources */,
			);
			runOnlyForDeploymentPostprocessing = 0;
		};
/* End PBXSourcesBuildPhase section */

/* Begin PBXTargetDependency section */
		ABD9291017DFFE9100AE5F64 /* PBXTargetDependency */ = {
			isa = PBXTargetDependency;
			target = ABD928DE17DFFE9000AE5F64 /* Flushed Away */;
			targetProxy = ABD9290F17DFFE9100AE5F64 /* PBXContainerItemProxy */;
		};
/* End PBXTargetDependency section */

/* Begin PBXVariantGroup section */
		ABD928ED17DFFE9000AE5F64 /* InfoPlist.strings */ = {
			isa = PBXVariantGroup;
			children = (
				ABD928EE17DFFE9000AE5F64 /* en */,
			);
			name = InfoPlist.strings;
			sourceTree = "<group>";
		};
		ABD928F617DFFE9100AE5F64 /* Main_iPhone.storyboard */ = {
			isa = PBXVariantGroup;
			children = (
				ABD928F717DFFE9100AE5F64 /* Base */,
			);
			name = Main_iPhone.storyboard;
			sourceTree = "<group>";
		};
		ABD928F917DFFE9100AE5F64 /* Main_iPad.storyboard */ = {
			isa = PBXVariantGroup;
			children = (
				ABD928FA17DFFE9100AE5F64 /* Base */,
			);
			name = Main_iPad.storyboard;
			sourceTree = "<group>";
		};
		ABD9291417DFFE9100AE5F64 /* InfoPlist.strings */ = {
			isa = PBXVariantGroup;
			children = (
				ABD9291517DFFE9100AE5F64 /* en */,
			);
			name = InfoPlist.strings;
			sourceTree = "<group>";
		};
/* End PBXVariantGroup section */

/* Begin XCBuildConfiguration section */
		ABD9291917DFFE9100AE5F64 /* Debug */ = {
			isa = XCBuildConfiguration;
			buildSettings = {
				ALWAYS_SEARCH_USER_PATHS = NO;
				CLANG_CXX_LANGUAGE_STANDARD = "gnu++0x";
				CLANG_CXX_LIBRARY = "libc++";
				CLANG_ENABLE_MODULES = YES;
				CLANG_ENABLE_OBJC_ARC = YES;
				CLANG_WARN_BOOL_CONVERSION = YES;
				CLANG_WARN_CONSTANT_CONVERSION = YES;
				CLANG_WARN_DIRECT_OBJC_ISA_USAGE = YES_ERROR;
				CLANG_WARN_EMPTY_BODY = YES;
				CLANG_WARN_ENUM_CONVERSION = YES;
				CLANG_WARN_INT_CONVERSION = YES;
				CLANG_WARN_OBJC_ROOT_CLASS = YES_ERROR;
				CLANG_WARN__DUPLICATE_METHOD_MATCH = YES;
				"CODE_SIGN_IDENTITY[sdk=iphoneos*]" = "iPhone Developer";
				COPY_PHASE_STRIP = NO;
				GCC_C_LANGUAGE_STANDARD = gnu99;
				GCC_DYNAMIC_NO_PIC = NO;
				GCC_OPTIMIZATION_LEVEL = 0;
				GCC_PREPROCESSOR_DEFINITIONS = (
					"DEBUG=1",
					"$(inherited)",
				);
				GCC_SYMBOLS_PRIVATE_EXTERN = NO;
				GCC_WARN_ABOUT_RETURN_TYPE = YES_ERROR;
				GCC_WARN_UNDECLARED_SELECTOR = YES;
				GCC_WARN_UNINITIALIZED_AUTOS = YES;
				GCC_WARN_UNUSED_FUNCTION = YES;
				GCC_WARN_UNUSED_VARIABLE = YES;
				IPHONEOS_DEPLOYMENT_TARGET = 7.0;
				ONLY_ACTIVE_ARCH = YES;
				SDKROOT = iphoneos;
				TARGETED_DEVICE_FAMILY = "1,2";
			};
			name = Debug;
		};
		ABD9291A17DFFE9100AE5F64 /* Release */ = {
			isa = XCBuildConfiguration;
			buildSettings = {
				ALWAYS_SEARCH_USER_PATHS = NO;
				CLANG_CXX_LANGUAGE_STANDARD = "gnu++0x";
				CLANG_CXX_LIBRARY = "libc++";
				CLANG_ENABLE_MODULES = YES;
				CLANG_ENABLE_OBJC_ARC = YES;
				CLANG_WARN_BOOL_CONVERSION = YES;
				CLANG_WARN_CONSTANT_CONVERSION = YES;
				CLANG_WARN_DIRECT_OBJC_ISA_USAGE = YES_ERROR;
				CLANG_WARN_EMPTY_BODY = YES;
				CLANG_WARN_ENUM_CONVERSION = YES;
				CLANG_WARN_INT_CONVERSION = YES;
				CLANG_WARN_OBJC_ROOT_CLASS = YES_ERROR;
				CLANG_WARN__DUPLICATE_METHOD_MATCH = YES;
				"CODE_SIGN_IDENTITY[sdk=iphoneos*]" = "iPhone Developer";
				COPY_PHASE_STRIP = YES;
				ENABLE_NS_ASSERTIONS = NO;
				GCC_C_LANGUAGE_STANDARD = gnu99;
				GCC_WARN_ABOUT_RETURN_TYPE = YES_ERROR;
				GCC_WARN_UNDECLARED_SELECTOR = YES;
				GCC_WARN_UNINITIALIZED_AUTOS = YES;
				GCC_WARN_UNUSED_FUNCTION = YES;
				GCC_WARN_UNUSED_VARIABLE = YES;
				IPHONEOS_DEPLOYMENT_TARGET = 7.0;
				SDKROOT = iphoneos;
				TARGETED_DEVICE_FAMILY = "1,2";
				VALIDATE_PRODUCT = YES;
			};
			name = Release;
		};
		ABD9291C17DFFE9100AE5F64 /* Debug */ = {
			isa = XCBuildConfiguration;
			buildSettings = {
				ASSETCATALOG_COMPILER_APPICON_NAME = AppIcon;
				ASSETCATALOG_COMPILER_LAUNCHIMAGE_NAME = LaunchImage;
				GCC_PRECOMPILE_PREFIX_HEADER = YES;
				GCC_PREFIX_HEADER = "Flushed Away/Flushed Away-Prefix.pch";
				INFOPLIST_FILE = "Flushed Away/Flushed Away-Info.plist";
				PRODUCT_NAME = "$(TARGET_NAME)";
				SPRITEKIT_TEXTURE_ATLAS_OUTPUT = YES;
				WRAPPER_EXTENSION = app;
			};
			name = Debug;
		};
		ABD9291D17DFFE9100AE5F64 /* Release */ = {
			isa = XCBuildConfiguration;
			buildSettings = {
				ASSETCATALOG_COMPILER_APPICON_NAME = AppIcon;
				ASSETCATALOG_COMPILER_LAUNCHIMAGE_NAME = LaunchImage;
				GCC_PRECOMPILE_PREFIX_HEADER = YES;
				GCC_PREFIX_HEADER = "Flushed Away/Flushed Away-Prefix.pch";
				INFOPLIST_FILE = "Flushed Away/Flushed Away-Info.plist";
				PRODUCT_NAME = "$(TARGET_NAME)";
				SPRITEKIT_TEXTURE_ATLAS_OUTPUT = YES;
				WRAPPER_EXTENSION = app;
			};
			name = Release;
		};
		ABD9291F17DFFE9100AE5F64 /* Debug */ = {
			isa = XCBuildConfiguration;
			buildSettings = {
				BUNDLE_LOADER = "$(BUILT_PRODUCTS_DIR)/Flushed Away.app/Flushed Away";
				FRAMEWORK_SEARCH_PATHS = (
					"$(SDKROOT)/Developer/Library/Frameworks",
					"$(inherited)",
					"$(DEVELOPER_FRAMEWORKS_DIR)",
				);
				GCC_PRECOMPILE_PREFIX_HEADER = YES;
				GCC_PREFIX_HEADER = "Flushed Away/Flushed Away-Prefix.pch";
				GCC_PREPROCESSOR_DEFINITIONS = (
					"DEBUG=1",
					"$(inherited)",
				);
				INFOPLIST_FILE = "Flushed AwayTests/Flushed AwayTests-Info.plist";
				PRODUCT_NAME = "$(TARGET_NAME)";
				TEST_HOST = "$(BUNDLE_LOADER)";
				WRAPPER_EXTENSION = xctest;
			};
			name = Debug;
		};
		ABD9292017DFFE9100AE5F64 /* Release */ = {
			isa = XCBuildConfiguration;
			buildSettings = {
				BUNDLE_LOADER = "$(BUILT_PRODUCTS_DIR)/Flushed Away.app/Flushed Away";
				FRAMEWORK_SEARCH_PATHS = (
					"$(SDKROOT)/Developer/Library/Frameworks",
					"$(inherited)",
					"$(DEVELOPER_FRAMEWORKS_DIR)",
				);
				GCC_PRECOMPILE_PREFIX_HEADER = YES;
				GCC_PREFIX_HEADER = "Flushed Away/Flushed Away-Prefix.pch";
				INFOPLIST_FILE = "Flushed AwayTests/Flushed AwayTests-Info.plist";
				PRODUCT_NAME = "$(TARGET_NAME)";
				TEST_HOST = "$(BUNDLE_LOADER)";
				WRAPPER_EXTENSION = xctest;
			};
			name = Release;
		};
/* End XCBuildConfiguration section */

/* Begin XCConfigurationList section */
		ABD928DA17DFFE9000AE5F64 /* Build configuration list for PBXProject "Flushed Away" */ = {
			isa = XCConfigurationList;
			buildConfigurations = (
				ABD9291917DFFE9100AE5F64 /* Debug */,
				ABD9291A17DFFE9100AE5F64 /* Release */,
			);
			defaultConfigurationIsVisible = 0;
			defaultConfigurationName = Release;
		};
		ABD9291B17DFFE9100AE5F64 /* Build configuration list for PBXNativeTarget "Flushed Away" */ = {
			isa = XCConfigurationList;
			buildConfigurations = (
				ABD9291C17DFFE9100AE5F64 /* Debug */,
				ABD9291D17DFFE9100AE5F64 /* Release */,
			);
			defaultConfigurationIsVisible = 0;
			defaultConfigurationName = Release;
		};
		ABD9291E17DFFE9100AE5F64 /* Build configuration list for PBXNativeTarget "Flushed AwayTests" */ = {
			isa = XCConfigurationList;
			buildConfigurations = (
				ABD9291F17DFFE9100AE5F64 /* Debug */,
				ABD9292017DFFE9100AE5F64 /* Release */,
			);
			defaultConfigurationIsVisible = 0;
			defaultConfigurationName = Release;
		};
/* End XCConfigurationList section */
	};
	rootObject = ABD928D717DFFE9000AE5F64 /* Project object */;
}
